
Microsoft Visual Studio Solution File, Format Version 12.00
# Visual Studio 15
VisualStudioVersion = 15.0.26730.12
MinimumVisualStudioVersion = 10.0.40219.1
Project("{8BC9CEB8-8B4A-11D0-8D11-00A0C91BC942}") = "Ex_4_GrauB", "..\..\..\..\..\Downloads\GrauB\Ex_4_GrauB\Ex_4_GrauB.vcxproj", "{1E1E2740-669F-40C4-9E45-4F2BE704149A}"
EndProject
Global
	GlobalSection(SolutionConfigurationPlatforms) = preSolution
		Debug|x64 = Debug|x64
		Debug|x86 = Debug|x86
		Release|x64 = Release|x64
		Release|x86 = Release|x86
	EndGlobalSection
	GlobalSection(ProjectConfigurationPlatforms) = postSolution
		{1E1E2740-669F-40C4-9E45-4F2BE704149A}.Debug|x64.ActiveCfg = Debug|x64
		{1E1E2740-669F-40C4-9E45-4F2BE704149A}.Debug|x64.Build.0 = Debug|x64
		{1E1E2740-669F-40C4-9E45-4F2BE704149A}.Debug|x86.ActiveCfg = Debug|Win32
		{1E1E2740-669F-40C4-9E45-4F2BE704149A}.Debug|x86.Build.0 = Debug|Win32
		{1E1E2740-669F-40C4-9E45-4F2BE704149A}.Release|x64.ActiveCfg = Release|x64
		{1E1E2740-669F-40C4-9E45-4F2BE704149A}.Release|x64.Build.0 = Release|x64
		{1E1E2740-669F-40C4-9E45-4F2BE704149A}.Release|x86.ActiveCfg = Release|Win32
		{1E1E2740-669F-40C4-9E45-4F2BE704149A}.Release|x86.Build.0 = Release|Win32
	EndGlobalSection
	GlobalSection(SolutionProperties) = preSolution
		HideSolutionNode = FALSE
	EndGlobalSection
	GlobalSection(ExtensibilityGlobals) = postSolution
		SolutionGuid = {A25C9D5D-7BE3-42C2-9509-68A5B6AED70D}
	EndGlobalSection
EndGlobal
