
Microsoft Visual Studio Solution File, Format Version 12.00
# Visual Studio 15
VisualStudioVersion = 15.0.28307.421
MinimumVisualStudioVersion = 10.0.40219.1
Project("{8BC9CEB8-8B4A-11D0-8D11-00A0C91BC942}") = "MenuSTL", "MenuSTL\MenuSTL.vcxproj", "{D153992A-7B86-4238-881C-A57F7EE750FF}"
EndProject
Global
	GlobalSection(SolutionConfigurationPlatforms) = preSolution
		Debug|x64 = Debug|x64
		Debug|x86 = Debug|x86
		Release|x64 = Release|x64
		Release|x86 = Release|x86
	EndGlobalSection
	GlobalSection(ProjectConfigurationPlatforms) = postSolution
		{D153992A-7B86-4238-881C-A57F7EE750FF}.Debug|x64.ActiveCfg = Debug|x64
		{D153992A-7B86-4238-881C-A57F7EE750FF}.Debug|x64.Build.0 = Debug|x64
		{D153992A-7B86-4238-881C-A57F7EE750FF}.Debug|x86.ActiveCfg = Debug|Win32
		{D153992A-7B86-4238-881C-A57F7EE750FF}.Debug|x86.Build.0 = Debug|Win32
		{D153992A-7B86-4238-881C-A57F7EE750FF}.Release|x64.ActiveCfg = Release|x64
		{D153992A-7B86-4238-881C-A57F7EE750FF}.Release|x64.Build.0 = Release|x64
		{D153992A-7B86-4238-881C-A57F7EE750FF}.Release|x86.ActiveCfg = Release|Win32
		{D153992A-7B86-4238-881C-A57F7EE750FF}.Release|x86.Build.0 = Release|Win32
	EndGlobalSection
	GlobalSection(SolutionProperties) = preSolution
		HideSolutionNode = FALSE
	EndGlobalSection
	GlobalSection(ExtensibilityGlobals) = postSolution
		SolutionGuid = {4749F1A8-235E-4B42-9D14-BBC43F9F16A1}
	EndGlobalSection
EndGlobal
