
Microsoft Visual Studio Solution File, Format Version 12.00
# Visual Studio 15
VisualStudioVersion = 15.0.26730.12
MinimumVisualStudioVersion = 10.0.40219.1
Project("{8BC9CEB8-8B4A-11D0-8D11-00A0C91BC942}") = "templatesCPP", "templatesCPP\templatesCPP.vcxproj", "{1217FFB0-0EB9-4DDD-AB74-A5F9100917C8}"
EndProject
Global
	GlobalSection(SolutionConfigurationPlatforms) = preSolution
		Debug|x64 = Debug|x64
		Debug|x86 = Debug|x86
		Release|x64 = Release|x64
		Release|x86 = Release|x86
	EndGlobalSection
	GlobalSection(ProjectConfigurationPlatforms) = postSolution
		{1217FFB0-0EB9-4DDD-AB74-A5F9100917C8}.Debug|x64.ActiveCfg = Debug|x64
		{1217FFB0-0EB9-4DDD-AB74-A5F9100917C8}.Debug|x64.Build.0 = Debug|x64
		{1217FFB0-0EB9-4DDD-AB74-A5F9100917C8}.Debug|x86.ActiveCfg = Debug|Win32
		{1217FFB0-0EB9-4DDD-AB74-A5F9100917C8}.Debug|x86.Build.0 = Debug|Win32
		{1217FFB0-0EB9-4DDD-AB74-A5F9100917C8}.Release|x64.ActiveCfg = Release|x64
		{1217FFB0-0EB9-4DDD-AB74-A5F9100917C8}.Release|x64.Build.0 = Release|x64
		{1217FFB0-0EB9-4DDD-AB74-A5F9100917C8}.Release|x86.ActiveCfg = Release|Win32
		{1217FFB0-0EB9-4DDD-AB74-A5F9100917C8}.Release|x86.Build.0 = Release|Win32
	EndGlobalSection
	GlobalSection(SolutionProperties) = preSolution
		HideSolutionNode = FALSE
	EndGlobalSection
	GlobalSection(ExtensibilityGlobals) = postSolution
		SolutionGuid = {7CE62B6B-8F3C-4940-8C37-1FD7D081C811}
	EndGlobalSection
EndGlobal
