
Microsoft Visual Studio Solution File, Format Version 12.00
# Visual Studio 15
VisualStudioVersion = 15.0.26730.12
MinimumVisualStudioVersion = 10.0.40219.1
Project("{8BC9CEB8-8B4A-11D0-8D11-00A0C91BC942}") = "Alocação Dinamica-Bruno", "Alocação Dinamica-Bruno\Alocação Dinamica-Bruno.vcxproj", "{1E2EF020-96D1-48D5-89F0-3E9AF0796E0D}"
EndProject
Global
	GlobalSection(SolutionConfigurationPlatforms) = preSolution
		Debug|x64 = Debug|x64
		Debug|x86 = Debug|x86
		Release|x64 = Release|x64
		Release|x86 = Release|x86
	EndGlobalSection
	GlobalSection(ProjectConfigurationPlatforms) = postSolution
		{1E2EF020-96D1-48D5-89F0-3E9AF0796E0D}.Debug|x64.ActiveCfg = Debug|x64
		{1E2EF020-96D1-48D5-89F0-3E9AF0796E0D}.Debug|x64.Build.0 = Debug|x64
		{1E2EF020-96D1-48D5-89F0-3E9AF0796E0D}.Debug|x86.ActiveCfg = Debug|Win32
		{1E2EF020-96D1-48D5-89F0-3E9AF0796E0D}.Debug|x86.Build.0 = Debug|Win32
		{1E2EF020-96D1-48D5-89F0-3E9AF0796E0D}.Release|x64.ActiveCfg = Release|x64
		{1E2EF020-96D1-48D5-89F0-3E9AF0796E0D}.Release|x64.Build.0 = Release|x64
		{1E2EF020-96D1-48D5-89F0-3E9AF0796E0D}.Release|x86.ActiveCfg = Release|Win32
		{1E2EF020-96D1-48D5-89F0-3E9AF0796E0D}.Release|x86.Build.0 = Release|Win32
	EndGlobalSection
	GlobalSection(SolutionProperties) = preSolution
		HideSolutionNode = FALSE
	EndGlobalSection
	GlobalSection(ExtensibilityGlobals) = postSolution
		SolutionGuid = {31C9C243-FA00-4138-8DEF-3AAB1D7B07E5}
	EndGlobalSection
EndGlobal
