
Microsoft Visual Studio Solution File, Format Version 12.00
# Visual Studio 15
VisualStudioVersion = 15.0.26730.12
MinimumVisualStudioVersion = 10.0.40219.1
Project("{8BC9CEB8-8B4A-11D0-8D11-00A0C91BC942}") = "Aula Herança", "Aula Herança\Aula Herança.vcxproj", "{7DE13F62-976B-4274-B044-CE2D19FAC4ED}"
EndProject
Global
	GlobalSection(SolutionConfigurationPlatforms) = preSolution
		Debug|x64 = Debug|x64
		Debug|x86 = Debug|x86
		Release|x64 = Release|x64
		Release|x86 = Release|x86
	EndGlobalSection
	GlobalSection(ProjectConfigurationPlatforms) = postSolution
		{7DE13F62-976B-4274-B044-CE2D19FAC4ED}.Debug|x64.ActiveCfg = Debug|x64
		{7DE13F62-976B-4274-B044-CE2D19FAC4ED}.Debug|x64.Build.0 = Debug|x64
		{7DE13F62-976B-4274-B044-CE2D19FAC4ED}.Debug|x86.ActiveCfg = Debug|Win32
		{7DE13F62-976B-4274-B044-CE2D19FAC4ED}.Debug|x86.Build.0 = Debug|Win32
		{7DE13F62-976B-4274-B044-CE2D19FAC4ED}.Release|x64.ActiveCfg = Release|x64
		{7DE13F62-976B-4274-B044-CE2D19FAC4ED}.Release|x64.Build.0 = Release|x64
		{7DE13F62-976B-4274-B044-CE2D19FAC4ED}.Release|x86.ActiveCfg = Release|Win32
		{7DE13F62-976B-4274-B044-CE2D19FAC4ED}.Release|x86.Build.0 = Release|Win32
	EndGlobalSection
	GlobalSection(SolutionProperties) = preSolution
		HideSolutionNode = FALSE
	EndGlobalSection
	GlobalSection(ExtensibilityGlobals) = postSolution
		SolutionGuid = {53E10C33-4510-4AFE-B459-FCD7A844E5C8}
	EndGlobalSection
EndGlobal
