
Microsoft Visual Studio Solution File, Format Version 12.00
# Visual Studio 15
VisualStudioVersion = 15.0.26730.12
MinimumVisualStudioVersion = 10.0.40219.1
Project("{8BC9CEB8-8B4A-11D0-8D11-00A0C91BC942}") = "ArquivoAleatorio", "ArquivoAleatorio\ArquivoAleatorio.vcxproj", "{078CD2FD-3091-434E-A1F5-17AF6C7E05AB}"
EndProject
Global
	GlobalSection(SolutionConfigurationPlatforms) = preSolution
		Debug|x64 = Debug|x64
		Debug|x86 = Debug|x86
		Release|x64 = Release|x64
		Release|x86 = Release|x86
	EndGlobalSection
	GlobalSection(ProjectConfigurationPlatforms) = postSolution
		{078CD2FD-3091-434E-A1F5-17AF6C7E05AB}.Debug|x64.ActiveCfg = Debug|x64
		{078CD2FD-3091-434E-A1F5-17AF6C7E05AB}.Debug|x64.Build.0 = Debug|x64
		{078CD2FD-3091-434E-A1F5-17AF6C7E05AB}.Debug|x86.ActiveCfg = Debug|Win32
		{078CD2FD-3091-434E-A1F5-17AF6C7E05AB}.Debug|x86.Build.0 = Debug|Win32
		{078CD2FD-3091-434E-A1F5-17AF6C7E05AB}.Release|x64.ActiveCfg = Release|x64
		{078CD2FD-3091-434E-A1F5-17AF6C7E05AB}.Release|x64.Build.0 = Release|x64
		{078CD2FD-3091-434E-A1F5-17AF6C7E05AB}.Release|x86.ActiveCfg = Release|Win32
		{078CD2FD-3091-434E-A1F5-17AF6C7E05AB}.Release|x86.Build.0 = Release|Win32
	EndGlobalSection
	GlobalSection(SolutionProperties) = preSolution
		HideSolutionNode = FALSE
	EndGlobalSection
	GlobalSection(ExtensibilityGlobals) = postSolution
		SolutionGuid = {682B5ACB-D823-4581-90FD-9EBDC9A16A01}
	EndGlobalSection
EndGlobal
