
Microsoft Visual Studio Solution File, Format Version 12.00
# Visual Studio 15
VisualStudioVersion = 15.0.27130.2036
MinimumVisualStudioVersion = 10.0.40219.1
Project("{8BC9CEB8-8B4A-11D0-8D11-00A0C91BC942}") = "lista_exeRecursividade1", "lista_exeRecursividade1.vcxproj", "{AE469FEA-CEC1-49FA-8BA5-7A4EEF8FD0A6}"
EndProject
Global
	GlobalSection(SolutionConfigurationPlatforms) = preSolution
		Debug|x64 = Debug|x64
		Debug|x86 = Debug|x86
		Release|x64 = Release|x64
		Release|x86 = Release|x86
	EndGlobalSection
	GlobalSection(ProjectConfigurationPlatforms) = postSolution
		{AE469FEA-CEC1-49FA-8BA5-7A4EEF8FD0A6}.Debug|x64.ActiveCfg = Debug|x64
		{AE469FEA-CEC1-49FA-8BA5-7A4EEF8FD0A6}.Debug|x64.Build.0 = Debug|x64
		{AE469FEA-CEC1-49FA-8BA5-7A4EEF8FD0A6}.Debug|x86.ActiveCfg = Debug|Win32
		{AE469FEA-CEC1-49FA-8BA5-7A4EEF8FD0A6}.Debug|x86.Build.0 = Debug|Win32
		{AE469FEA-CEC1-49FA-8BA5-7A4EEF8FD0A6}.Release|x64.ActiveCfg = Release|x64
		{AE469FEA-CEC1-49FA-8BA5-7A4EEF8FD0A6}.Release|x64.Build.0 = Release|x64
		{AE469FEA-CEC1-49FA-8BA5-7A4EEF8FD0A6}.Release|x86.ActiveCfg = Release|Win32
		{AE469FEA-CEC1-49FA-8BA5-7A4EEF8FD0A6}.Release|x86.Build.0 = Release|Win32
	EndGlobalSection
	GlobalSection(SolutionProperties) = preSolution
		HideSolutionNode = FALSE
	EndGlobalSection
	GlobalSection(ExtensibilityGlobals) = postSolution
		SolutionGuid = {4626EE58-7EE8-4366-B855-918C302F1E03}
	EndGlobalSection
EndGlobal
