
Microsoft Visual Studio Solution File, Format Version 12.00
# Visual Studio 15
VisualStudioVersion = 15.0.26730.12
MinimumVisualStudioVersion = 10.0.40219.1
Project("{8BC9CEB8-8B4A-11D0-8D11-00A0C91BC942}") = "ArquivoAleatorio", "ArquivoAleatorio\ArquivoAleatorio.vcxproj", "{02BCB8E1-D08A-4D2F-BF2A-012CFDC94920}"
EndProject
Global
	GlobalSection(SolutionConfigurationPlatforms) = preSolution
		Debug|x64 = Debug|x64
		Debug|x86 = Debug|x86
		Release|x64 = Release|x64
		Release|x86 = Release|x86
	EndGlobalSection
	GlobalSection(ProjectConfigurationPlatforms) = postSolution
		{02BCB8E1-D08A-4D2F-BF2A-012CFDC94920}.Debug|x64.ActiveCfg = Debug|x64
		{02BCB8E1-D08A-4D2F-BF2A-012CFDC94920}.Debug|x64.Build.0 = Debug|x64
		{02BCB8E1-D08A-4D2F-BF2A-012CFDC94920}.Debug|x86.ActiveCfg = Debug|Win32
		{02BCB8E1-D08A-4D2F-BF2A-012CFDC94920}.Debug|x86.Build.0 = Debug|Win32
		{02BCB8E1-D08A-4D2F-BF2A-012CFDC94920}.Release|x64.ActiveCfg = Release|x64
		{02BCB8E1-D08A-4D2F-BF2A-012CFDC94920}.Release|x64.Build.0 = Release|x64
		{02BCB8E1-D08A-4D2F-BF2A-012CFDC94920}.Release|x86.ActiveCfg = Release|Win32
		{02BCB8E1-D08A-4D2F-BF2A-012CFDC94920}.Release|x86.Build.0 = Release|Win32
	EndGlobalSection
	GlobalSection(SolutionProperties) = preSolution
		HideSolutionNode = FALSE
	EndGlobalSection
	GlobalSection(ExtensibilityGlobals) = postSolution
		SolutionGuid = {7126F69D-1940-4F96-A1ED-9D6A06F8BE8C}
	EndGlobalSection
EndGlobal
